// !$*UTF8*$!
{
	archiveVersion = 1;
	classes = {
	};
	objectVersion = 48;
	objects = {

/* Begin PBXBuildFile section */
		A4EBE49B1FE6180600F63CA9 /* AppDelegate.swift in Sources */ = {isa = PBXBuildFile; fileRef = A4EBE49A1FE6180600F63CA9 /* AppDelegate.swift */; };
		A4EBE49D1FE6180600F63CA9 /* ViewController.swift in Sources */ = {isa = PBXBuildFile; fileRef = A4EBE49C1FE6180600F63CA9 /* ViewController.swift */; };
		A4EBE4A01FE6180600F63CA9 /* Main.storyboard in Resources */ = {isa = PBXBuildFile; fileRef = A4EBE49E1FE6180600F63CA9 /* Main.storyboard */; };
		A4EBE4A21FE6180600F63CA9 /* Assets.xcassets in Resources */ = {isa = PBXBuildFile; fileRef = A4EBE4A11FE6180600F63CA9 /* Assets.xcassets */; };
		A4EBE4A51FE6180600F63CA9 /* LaunchScreen.storyboard in Resources */ = {isa = PBXBuildFile; fileRef = A4EBE4A31FE6180600F63CA9 /* LaunchScreen.storyboard */; };
		A4EBE4B01FE6180600F63CA9 /* RecognitionDemoTests.swift in Sources */ = {isa = PBXBuildFile; fileRef = A4EBE4AF1FE6180600F63CA9 /* RecognitionDemoTests.swift */; };
		A4EBE4BB1FE6180600F63CA9 /* RecognitionDemoUITests.swift in Sources */ = {isa = PBXBuildFile; fileRef = A4EBE4BA1FE6180600F63CA9 /* RecognitionDemoUITests.swift */; };
/* End PBXBuildFile section */

/* Begin PBXContainerItemProxy section */
		A4EBE4AC1FE6180600F63CA9 /* PBXContainerItemProxy */ = {
			isa = PBXContainerItemProxy;
			containerPortal = A4EBE48F1FE6180600F63CA9 /* Project object */;
			proxyType = 1;
			remoteGlobalIDString = A4EBE4961FE6180600F63CA9;
			remoteInfo = RecognitionDemo;
		};
		A4EBE4B71FE6180600F63CA9 /* PBXContainerItemProxy */ = {
			isa = PBXContainerItemProxy;
			containerPortal = A4EBE48F1FE6180600F63CA9 /* Project object */;
			proxyType = 1;
			remoteGlobalIDString = A4EBE4961FE6180600F63CA9;
			remoteInfo = RecognitionDemo;
		};
/* End PBXContainerItemProxy section */

/* Begin PBXFileReference section */
		A4EBE4971FE6180600F63CA9 /* RecognitionDemo.app */ = {isa = PBXFileReference; explicitFileType = wrapper.application; includeInIndex = 0; path = RecognitionDemo.app; sourceTree = BUILT_PRODUCTS_DIR; };
		A4EBE49A1FE6180600F63CA9 /* AppDelegate.swift */ = {isa = PBXFileReference; lastKnownFileType = sourcecode.swift; path = AppDelegate.swift; sourceTree = "<group>"; };
		A4EBE49C1FE6180600F63CA9 /* ViewController.swift */ = {isa = PBXFileReference; lastKnownFileType = sourcecode.swift; path = ViewController.swift; sourceTree = "<group>"; };
		A4EBE49F1FE6180600F63CA9 /* Base */ = {isa = PBXFileReference; lastKnownFileType = file.storyboard; name = Base; path = Base.lproj/Main.storyboard; sourceTree = "<group>"; };
		A4EBE4A11FE6180600F63CA9 /* Assets.xcassets */ = {isa = PBXFileReference; lastKnownFileType = folder.assetcatalog; path = Assets.xcassets; sourceTree = "<group>"; };
		A4EBE4A41FE6180600F63CA9 /* Base */ = {isa = PBXFileReference; lastKnownFileType = file.storyboard; name = Base; path = Base.lproj/LaunchScreen.storyboard; sourceTree = "<group>"; };
		A4EBE4A61FE6180600F63CA9 /* Info.plist */ = {isa = PBXFileReference; lastKnownFileType = text.plist.xml; path = Info.plist; sourceTree = "<group>"; };
		A4EBE4AB1FE6180600F63CA9 /* RecognitionDemoTests.xctest */ = {isa = PBXFileReference; explicitFileType = wrapper.cfbundle; includeInIndex = 0; path = RecognitionDemoTests.xctest; sourceTree = BUILT_PRODUCTS_DIR; };
		A4EBE4AF1FE6180600F63CA9 /* RecognitionDemoTests.swift */ = {isa = PBXFileReference; lastKnownFileType = sourcecode.swift; path = RecognitionDemoTests.swift; sourceTree = "<group>"; };
		A4EBE4B11FE6180600F63CA9 /* Info.plist */ = {isa = PBXFileReference; lastKnownFileType = text.plist.xml; path = Info.plist; sourceTree = "<group>"; };
		A4EBE4B61FE6180600F63CA9 /* RecognitionDemoUITests.xctest */ = {isa = PBXFileReference; explicitFileType = wrapper.cfbundle; includeInIndex = 0; path = RecognitionDemoUITests.xctest; sourceTree = BUILT_PRODUCTS_DIR; };
		A4EBE4BA1FE6180600F63CA9 /* RecognitionDemoUITests.swift */ = {isa = PBXFileReference; lastKnownFileType = sourcecode.swift; path = RecognitionDemoUITests.swift; sourceTree = "<group>"; };
		A4EBE4BC1FE6180600F63CA9 /* Info.plist */ = {isa = PBXFileReference; lastKnownFileType = text.plist.xml; path = Info.plist; sourceTree = "<group>"; };
/* End PBXFileReference section */

/* Begin PBXFrameworksBuildPhase section */
		A4EBE4941FE6180600F63CA9 /* Frameworks */ = {
			isa = PBXFrameworksBuildPhase;
			buildActionMask = 2147483647;
			files = (
			);
			runOnlyForDeploymentPostprocessing = 0;
		};
		A4EBE4A81FE6180600F63CA9 /* Frameworks */ = {
			isa = PBXFrameworksBuildPhase;
			buildActionMask = 2147483647;
			files = (
			);
			runOnlyForDeploymentPostprocessing = 0;
		};
		A4EBE4B31FE6180600F63CA9 /* Frameworks */ = {
			isa = PBXFrameworksBuildPhase;
			buildActionMask = 2147483647;
			files = (
			);
			runOnlyForDeploymentPostprocessing = 0;
		};
/* End PBXFrameworksBuildPhase section */

/* Begin PBXGroup section */
		A4EBE48E1FE6180600F63CA9 = {
			isa = PBXGroup;
			children = (
				A4EBE4991FE6180600F63CA9 /* RecognitionDemo */,
				A4EBE4AE1FE6180600F63CA9 /* RecognitionDemoTests */,
				A4EBE4B91FE6180600F63CA9 /* RecognitionDemoUITests */,
				A4EBE4981FE6180600F63CA9 /* Products */,
			);
			sourceTree = "<group>";
		};
		A4EBE4981FE6180600F63CA9 /* Products */ = {
			isa = PBXGroup;
			children = (
				A4EBE4971FE6180600F63CA9 /* RecognitionDemo.app */,
				A4EBE4AB1FE6180600F63CA9 /* RecognitionDemoTests.xctest */,
				A4EBE4B61FE6180600F63CA9 /* RecognitionDemoUITests.xctest */,
			);
			name = Products;
			sourceTree = "<group>";
		};
		A4EBE4991FE6180600F63CA9 /* RecognitionDemo */ = {
			isa = PBXGroup;
			children = (
				A4EBE49A1FE6180600F63CA9 /* AppDelegate.swift */,
				A4EBE49C1FE6180600F63CA9 /* ViewController.swift */,
				A4EBE49E1FE6180600F63CA9 /* Main.storyboard */,
				A4EBE4A11FE6180600F63CA9 /* Assets.xcassets */,
				A4EBE4A31FE6180600F63CA9 /* LaunchScreen.storyboard */,
				A4EBE4A61FE6180600F63CA9 /* Info.plist */,
			);
			path = RecognitionDemo;
			sourceTree = "<group>";
		};
		A4EBE4AE1FE6180600F63CA9 /* RecognitionDemoTests */ = {
			isa = PBXGroup;
			children = (
				A4EBE4AF1FE6180600F63CA9 /* RecognitionDemoTests.swift */,
				A4EBE4B11FE6180600F63CA9 /* Info.plist */,
			);
			path = RecognitionDemoTests;
			sourceTree = "<group>";
		};
		A4EBE4B91FE6180600F63CA9 /* RecognitionDemoUITests */ = {
			isa = PBXGroup;
			children = (
				A4EBE4BA1FE6180600F63CA9 /* RecognitionDemoUITests.swift */,
				A4EBE4BC1FE6180600F63CA9 /* Info.plist */,
			);
			path = RecognitionDemoUITests;
			sourceTree = "<group>";
		};
/* End PBXGroup section */

/* Begin PBXNativeTarget section */
		A4EBE4961FE6180600F63CA9 /* RecognitionDemo */ = {
			isa = PBXNativeTarget;
			buildConfigurationList = A4EBE4BF1FE6180600F63CA9 /* Build configuration list for PBXNativeTarget "RecognitionDemo" */;
			buildPhases = (
				A4EBE4931FE6180600F63CA9 /* Sources */,
				A4EBE4941FE6180600F63CA9 /* Frameworks */,
				A4EBE4951FE6180600F63CA9 /* Resources */,
			);
			buildRules = (
			);
			dependencies = (
			);
			name = RecognitionDemo;
			productName = RecognitionDemo;
			productReference = A4EBE4971FE6180600F63CA9 /* RecognitionDemo.app */;
			productType = "com.apple.product-type.application";
		};
		A4EBE4AA1FE6180600F63CA9 /* RecognitionDemoTests */ = {
			isa = PBXNativeTarget;
			buildConfigurationList = A4EBE4C21FE6180600F63CA9 /* Build configuration list for PBXNativeTarget "RecognitionDemoTests" */;
			buildPhases = (
				A4EBE4A71FE6180600F63CA9 /* Sources */,
				A4EBE4A81FE6180600F63CA9 /* Frameworks */,
				A4EBE4A91FE6180600F63CA9 /* Resources */,
			);
			buildRules = (
			);
			dependencies = (
				A4EBE4AD1FE6180600F63CA9 /* PBXTargetDependency */,
			);
			name = RecognitionDemoTests;
			productName = RecognitionDemoTests;
			productReference = A4EBE4AB1FE6180600F63CA9 /* RecognitionDemoTests.xctest */;
			productType = "com.apple.product-type.bundle.unit-test";
		};
		A4EBE4B51FE6180600F63CA9 /* RecognitionDemoUITests */ = {
			isa = PBXNativeTarget;
			buildConfigurationList = A4EBE4C51FE6180600F63CA9 /* Build configuration list for PBXNativeTarget "RecognitionDemoUITests" */;
			buildPhases = (
				A4EBE4B21FE6180600F63CA9 /* Sources */,
				A4EBE4B31FE6180600F63CA9 /* Frameworks */,
				A4EBE4B41FE6180600F63CA9 /* Resources */,
			);
			buildRules = (
			);
			dependencies = (
				A4EBE4B81FE6180600F63CA9 /* PBXTargetDependency */,
			);
			name = RecognitionDemoUITests;
			productName = RecognitionDemoUITests;
			productReference = A4EBE4B61FE6180600F63CA9 /* RecognitionDemoUITests.xctest */;
			productType = "com.apple.product-type.bundle.ui-testing";
		};
/* End PBXNativeTarget section */

/* Begin PBXProject section */
		A4EBE48F1FE6180600F63CA9 /* Project object */ = {
			isa = PBXProject;
			attributes = {
				LastSwiftUpdateCheck = 0920;
				LastUpgradeCheck = 0920;
				ORGANIZATIONNAME = "刘勇刚";
				TargetAttributes = {
					A4EBE4961FE6180600F63CA9 = {
						CreatedOnToolsVersion = 9.2;
						ProvisioningStyle = Automatic;
					};
					A4EBE4AA1FE6180600F63CA9 = {
						CreatedOnToolsVersion = 9.2;
						ProvisioningStyle = Automatic;
						TestTargetID = A4EBE4961FE6180600F63CA9;
					};
					A4EBE4B51FE6180600F63CA9 = {
						CreatedOnToolsVersion = 9.2;
						ProvisioningStyle = Automatic;
						TestTargetID = A4EBE4961FE6180600F63CA9;
					};
				};
			};
			buildConfigurationList = A4EBE4921FE6180600F63CA9 /* Build configuration list for PBXProject "RecognitionDemo" */;
			compatibilityVersion = "Xcode 8.0";
			developmentRegion = en;
			hasScannedForEncodings = 0;
			knownRegions = (
				en,
				Base,
			);
			mainGroup = A4EBE48E1FE6180600F63CA9;
			productRefGroup = A4EBE4981FE6180600F63CA9 /* Products */;
			projectDirPath = "";
			projectRoot = "";
			targets = (
				A4EBE4961FE6180600F63CA9 /* RecognitionDemo */,
				A4EBE4AA1FE6180600F63CA9 /* RecognitionDemoTests */,
				A4EBE4B51FE6180600F63CA9 /* RecognitionDemoUITests */,
			);
		};
/* End PBXProject section */

/* Begin PBXResourcesBuildPhase section */
		A4EBE4951FE6180600F63CA9 /* Resources */ = {
			isa = PBXResourcesBuildPhase;
			buildActionMask = 2147483647;
			files = (
				A4EBE4A51FE6180600F63CA9 /* LaunchScreen.storyboard in Resources */,
				A4EBE4A21FE6180600F63CA9 /* Assets.xcassets in Resources */,
				A4EBE4A01FE6180600F63CA9 /* Main.storyboard in Resources */,
			);
			runOnlyForDeploymentPostprocessing = 0;
		};
		A4EBE4A91FE6180600F63CA9 /* Resources */ = {
			isa = PBXResourcesBuildPhase;
			buildActionMask = 2147483647;
			files = (
			);
			runOnlyForDeploymentPostprocessing = 0;
		};
		A4EBE4B41FE6180600F63CA9 /* Resources */ = {
			isa = PBXResourcesBuildPhase;
			buildActionMask = 2147483647;
			files = (
			);
			runOnlyForDeploymentPostprocessing = 0;
		};
/* End PBXResourcesBuildPhase section */

/* Begin PBXSourcesBuildPhase section */
		A4EBE4931FE6180600F63CA9 /* Sources */ = {
			isa = PBXSourcesBuildPhase;
			buildActionMask = 2147483647;
			files = (
				A4EBE49D1FE6180600F63CA9 /* ViewController.swift in Sources */,
				A4EBE49B1FE6180600F63CA9 /* AppDelegate.swift in Sources */,
			);
			runOnlyForDeploymentPostprocessing = 0;
		};
		A4EBE4A71FE6180600F63CA9 /* Sources */ = {
			isa = PBXSourcesBuildPhase;
			buildActionMask = 2147483647;
			files = (
				A4EBE4B01FE6180600F63CA9 /* RecognitionDemoTests.swift in Sources */,
			);
			runOnlyForDeploymentPostprocessing = 0;
		};
		A4EBE4B21FE6180600F63CA9 /* Sources */ = {
			isa = PBXSourcesBuildPhase;
			buildActionMask = 2147483647;
			files = (
				A4EBE4BB1FE6180600F63CA9 /* RecognitionDemoUITests.swift in Sources */,
			);
			runOnlyForDeploymentPostprocessing = 0;
		};
/* End PBXSourcesBuildPhase section */

/* Begin PBXTargetDependency section */
		A4EBE4AD1FE6180600F63CA9 /* PBXTargetDependency */ = {
			isa = PBXTargetDependency;
			target = A4EBE4961FE6180600F63CA9 /* RecognitionDemo */;
			targetProxy = A4EBE4AC1FE6180600F63CA9 /* PBXContainerItemProxy */;
		};
		A4EBE4B81FE6180600F63CA9 /* PBXTargetDependency */ = {
			isa = PBXTargetDependency;
			target = A4EBE4961FE6180600F63CA9 /* RecognitionDemo */;
			targetProxy = A4EBE4B71FE6180600F63CA9 /* PBXContainerItemProxy */;
		};
/* End PBXTargetDependency section */

/* Begin PBXVariantGroup section */
		A4EBE49E1FE6180600F63CA9 /* Main.storyboard */ = {
			isa = PBXVariantGroup;
			children = (
				A4EBE49F1FE6180600F63CA9 /* Base */,
			);
			name = Main.storyboard;
			sourceTree = "<group>";
		};
		A4EBE4A31FE6180600F63CA9 /* LaunchScreen.storyboard */ = {
			isa = PBXVariantGroup;
			children = (
				A4EBE4A41FE6180600F63CA9 /* Base */,
			);
			name = LaunchScreen.storyboard;
			sourceTree = "<group>";
		};
/* End PBXVariantGroup section */

/* Begin XCBuildConfiguration section */
		A4EBE4BD1FE6180600F63CA9 /* Debug */ = {
			isa = XCBuildConfiguration;
			buildSettings = {
				ALWAYS_SEARCH_USER_PATHS = NO;
				CLANG_ANALYZER_NONNULL = YES;
				CLANG_ANALYZER_NUMBER_OBJECT_CONVERSION = YES_AGGRESSIVE;
				CLANG_CXX_LANGUAGE_STANDARD = "gnu++14";
				CLANG_CXX_LIBRARY = "libc++";
				CLANG_ENABLE_MODULES = YES;
				CLANG_ENABLE_OBJC_ARC = YES;
				CLANG_WARN_BLOCK_CAPTURE_AUTORELEASING = YES;
				CLANG_WARN_BOOL_CONVERSION = YES;
				CLANG_WARN_COMMA = YES;
				CLANG_WARN_CONSTANT_CONVERSION = YES;
				CLANG_WARN_DIRECT_OBJC_ISA_USAGE = YES_ERROR;
				CLANG_WARN_DOCUMENTATION_COMMENTS = YES;
				CLANG_WARN_EMPTY_BODY = YES;
				CLANG_WARN_ENUM_CONVERSION = YES;
				CLANG_WARN_INFINITE_RECURSION = YES;
				CLANG_WARN_INT_CONVERSION = YES;
				CLANG_WARN_NON_LITERAL_NULL_CONVERSION = YES;
				CLANG_WARN_OBJC_LITERAL_CONVERSION = YES;
				CLANG_WARN_OBJC_ROOT_CLASS = YES_ERROR;
				CLANG_WARN_RANGE_LOOP_ANALYSIS = YES;
				CLANG_WARN_STRICT_PROTOTYPES = YES;
				CLANG_WARN_SUSPICIOUS_MOVE = YES;
				CLANG_WARN_UNGUARDED_AVAILABILITY = YES_AGGRESSIVE;
				CLANG_WARN_UNREACHABLE_CODE = YES;
				CLANG_WARN__DUPLICATE_METHOD_MATCH = YES;
				CODE_SIGN_IDENTITY = "iPhone Developer";
				COPY_PHASE_STRIP = NO;
				DEBUG_INFORMATION_FORMAT = dwarf;
				ENABLE_STRICT_OBJC_MSGSEND = YES;
				ENABLE_TESTABILITY = YES;
				GCC_C_LANGUAGE_STANDARD = gnu11;
				GCC_DYNAMIC_NO_PIC = NO;
				GCC_NO_COMMON_BLOCKS = YES;
				GCC_OPTIMIZATION_LEVEL = 0;
				GCC_PREPROCESSOR_DEFINITIONS = (
					"DEBUG=1",
					"$(inherited)",
				);
				GCC_WARN_64_TO_32_BIT_CONVERSION = YES;
				GCC_WARN_ABOUT_RETURN_TYPE = YES_ERROR;
				GCC_WARN_UNDECLARED_SELECTOR = YES;
				GCC_WARN_UNINITIALIZED_AUTOS = YES_AGGRESSIVE;
				GCC_WARN_UNUSED_FUNCTION = YES;
				GCC_WARN_UNUSED_VARIABLE = YES;
				IPHONEOS_DEPLOYMENT_TARGET = 11.2;
				MTL_ENABLE_DEBUG_INFO = YES;
				ONLY_ACTIVE_ARCH = YES;
				SDKROOT = iphoneos;
				SWIFT_ACTIVE_COMPILATION_CONDITIONS = DEBUG;
				SWIFT_OPTIMIZATION_LEVEL = "-Onone";
			};
			name = Debug;
		};
		A4EBE4BE1FE6180600F63CA9 /* Release */ = {
			isa = XCBuildConfiguration;
			buildSettings = {
				ALWAYS_SEARCH_USER_PATHS = NO;
				CLANG_ANALYZER_NONNULL = YES;
				CLANG_ANALYZER_NUMBER_OBJECT_CONVERSION = YES_AGGRESSIVE;
				CLANG_CXX_LANGUAGE_STANDARD = "gnu++14";
				CLANG_CXX_LIBRARY = "libc++";
				CLANG_ENABLE_MODULES = YES;
				CLANG_ENABLE_OBJC_ARC = YES;
				CLANG_WARN_BLOCK_CAPTURE_AUTORELEASING = YES;
				CLANG_WARN_BOOL_CONVERSION = YES;
				CLANG_WARN_COMMA = YES;
				CLANG_WARN_CONSTANT_CONVERSION = YES;
				CLANG_WARN_DIRECT_OBJC_ISA_USAGE = YES_ERROR;
				CLANG_WARN_DOCUMENTATION_COMMENTS = YES;
				CLANG_WARN_EMPTY_BODY = YES;
				CLANG_WARN_ENUM_CONVERSION = YES;
				CLANG_WARN_INFINITE_RECURSION = YES;
				CLANG_WARN_INT_CONVERSION = YES;
				CLANG_WARN_NON_LITERAL_NULL_CONVERSION = YES;
				CLANG_WARN_OBJC_LITERAL_CONVERSION = YES;
				CLANG_WARN_OBJC_ROOT_CLASS = YES_ERROR;
				CLANG_WARN_RANGE_LOOP_ANALYSIS = YES;
				CLANG_WARN_STRICT_PROTOTYPES = YES;
				CLANG_WARN_SUSPICIOUS_MOVE = YES;
				CLANG_WARN_UNGUARDED_AVAILABILITY = YES_AGGRESSIVE;
				CLANG_WARN_UNREACHABLE_CODE = YES;
				CLANG_WARN__DUPLICATE_METHOD_MATCH = YES;
				CODE_SIGN_IDENTITY = "iPhone Developer";
				COPY_PHASE_STRIP = NO;
				DEBUG_INFORMATION_FORMAT = "dwarf-with-dsym";
				ENABLE_NS_ASSERTIONS = NO;
				ENABLE_STRICT_OBJC_MSGSEND = YES;
				GCC_C_LANGUAGE_STANDARD = gnu11;
				GCC_NO_COMMON_BLOCKS = YES;
				GCC_WARN_64_TO_32_BIT_CONVERSION = YES;
				GCC_WARN_ABOUT_RETURN_TYPE = YES_ERROR;
				GCC_WARN_UNDECLARED_SELECTOR = YES;
				GCC_WARN_UNINITIALIZED_AUTOS = YES_AGGRESSIVE;
				GCC_WARN_UNUSED_FUNCTION = YES;
				GCC_WARN_UNUSED_VARIABLE = YES;
				IPHONEOS_DEPLOYMENT_TARGET = 11.2;
				MTL_ENABLE_DEBUG_INFO = NO;
				SDKROOT = iphoneos;
				SWIFT_OPTIMIZATION_LEVEL = "-Owholemodule";
				VALIDATE_PRODUCT = YES;
			};
			name = Release;
		};
		A4EBE4C01FE6180600F63CA9 /* Debug */ = {
			isa = XCBuildConfiguration;
			buildSettings = {
				ASSETCATALOG_COMPILER_APPICON_NAME = AppIcon;
				CODE_SIGN_STYLE = Automatic;
				DEVELOPMENT_TEAM = BYB9SEVHDA;
				INFOPLIST_FILE = RecognitionDemo/Info.plist;
				LD_RUNPATH_SEARCH_PATHS = "$(inherited) @executable_path/Frameworks";
				PRODUCT_BUNDLE_IDENTIFIER = com.recherj.RecognitionDemo;
				PRODUCT_NAME = "$(TARGET_NAME)";
				SWIFT_VERSION = 4.0;
				TARGETED_DEVICE_FAMILY = "1,2";
			};
			name = Debug;
		};
		A4EBE4C11FE6180600F63CA9 /* Release */ = {
			isa = XCBuildConfiguration;
			buildSettings = {
				ASSETCATALOG_COMPILER_APPICON_NAME = AppIcon;
				CODE_SIGN_STYLE = Automatic;
				DEVELOPMENT_TEAM = BYB9SEVHDA;
				INFOPLIST_FILE = RecognitionDemo/Info.plist;
				LD_RUNPATH_SEARCH_PATHS = "$(inherited) @executable_path/Frameworks";
				PRODUCT_BUNDLE_IDENTIFIER = com.recherj.RecognitionDemo;
				PRODUCT_NAME = "$(TARGET_NAME)";
				SWIFT_VERSION = 4.0;
				TARGETED_DEVICE_FAMILY = "1,2";
			};
			name = Release;
		};
		A4EBE4C31FE6180600F63CA9 /* Debug */ = {
			isa = XCBuildConfiguration;
			buildSettings = {
				ALWAYS_EMBED_SWIFT_STANDARD_LIBRARIES = YES;
				BUNDLE_LOADER = "$(TEST_HOST)";
				CODE_SIGN_STYLE = Automatic;
				DEVELOPMENT_TEAM = BYB9SEVHDA;
				INFOPLIST_FILE = RecognitionDemoTests/Info.plist;
				LD_RUNPATH_SEARCH_PATHS = "$(inherited) @executable_path/Frameworks @loader_path/Frameworks";
				PRODUCT_BUNDLE_IDENTIFIER = com.recherj.RecognitionDemoTests;
				PRODUCT_NAME = "$(TARGET_NAME)";
				SWIFT_VERSION = 4.0;
				TARGETED_DEVICE_FAMILY = "1,2";
				TEST_HOST = "$(BUILT_PRODUCTS_DIR)/RecognitionDemo.app/RecognitionDemo";
			};
			name = Debug;
		};
		A4EBE4C41FE6180600F63CA9 /* Release */ = {
			isa = XCBuildConfiguration;
			buildSettings = {
				ALWAYS_EMBED_SWIFT_STANDARD_LIBRARIES = YES;
				BUNDLE_LOADER = "$(TEST_HOST)";
				CODE_SIGN_STYLE = Automatic;
				DEVELOPMENT_TEAM = BYB9SEVHDA;
				INFOPLIST_FILE = RecognitionDemoTests/Info.plist;
				LD_RUNPATH_SEARCH_PATHS = "$(inherited) @executable_path/Frameworks @loader_path/Frameworks";
				PRODUCT_BUNDLE_IDENTIFIER = com.recherj.RecognitionDemoTests;
				PRODUCT_NAME = "$(TARGET_NAME)";
				SWIFT_VERSION = 4.0;
				TARGETED_DEVICE_FAMILY = "1,2";
				TEST_HOST = "$(BUILT_PRODUCTS_DIR)/RecognitionDemo.app/RecognitionDemo";
			};
			name = Release;
		};
		A4EBE4C61FE6180600F63CA9 /* Debug */ = {
			isa = XCBuildConfiguration;
			buildSettings = {
				ALWAYS_EMBED_SWIFT_STANDARD_LIBRARIES = YES;
				CODE_SIGN_STYLE = Automatic;
				DEVELOPMENT_TEAM = BYB9SEVHDA;
				INFOPLIST_FILE = RecognitionDemoUITests/Info.plist;
				LD_RUNPATH_SEARCH_PATHS = "$(inherited) @executable_path/Frameworks @loader_path/Frameworks";
				PRODUCT_BUNDLE_IDENTIFIER = com.recherj.RecognitionDemoUITests;
				PRODUCT_NAME = "$(TARGET_NAME)";
				SWIFT_VERSION = 4.0;
				TARGETED_DEVICE_FAMILY = "1,2";
				TEST_TARGET_NAME = RecognitionDemo;
			};
			name = Debug;
		};
		A4EBE4C71FE6180600F63CA9 /* Release */ = {
			isa = XCBuildConfiguration;
			buildSettings = {
				ALWAYS_EMBED_SWIFT_STANDARD_LIBRARIES = YES;
				CODE_SIGN_STYLE = Automatic;
				DEVELOPMENT_TEAM = BYB9SEVHDA;
				INFOPLIST_FILE = RecognitionDemoUITests/Info.plist;
				LD_RUNPATH_SEARCH_PATHS = "$(inherited) @executable_path/Frameworks @loader_path/Frameworks";
				PRODUCT_BUNDLE_IDENTIFIER = com.recherj.RecognitionDemoUITests;
				PRODUCT_NAME = "$(TARGET_NAME)";
				SWIFT_VERSION = 4.0;
				TARGETED_DEVICE_FAMILY = "1,2";
				TEST_TARGET_NAME = RecognitionDemo;
			};
			name = Release;
		};
/* End XCBuildConfiguration section */

/* Begin XCConfigurationList section */
		A4EBE4921FE6180600F63CA9 /* Build configuration list for PBXProject "RecognitionDemo" */ = {
			isa = XCConfigurationList;
			buildConfigurations = (
				A4EBE4BD1FE6180600F63CA9 /* Debug */,
				A4EBE4BE1FE6180600F63CA9 /* Release */,
			);
			defaultConfigurationIsVisible = 0;
			defaultConfigurationName = Release;
		};
		A4EBE4BF1FE6180600F63CA9 /* Build configuration list for PBXNativeTarget "RecognitionDemo" */ = {
			isa = XCConfigurationList;
			buildConfigurations = (
				A4EBE4C01FE6180600F63CA9 /* Debug */,
				A4EBE4C11FE6180600F63CA9 /* Release */,
			);
			defaultConfigurationIsVisible = 0;
			defaultConfigurationName = Release;
		};
		A4EBE4C21FE6180600F63CA9 /* Build configuration list for PBXNativeTarget "RecognitionDemoTests" */ = {
			isa = XCConfigurationList;
			buildConfigurations = (
				A4EBE4C31FE6180600F63CA9 /* Debug */,
				A4EBE4C41FE6180600F63CA9 /* Release */,
			);
			defaultConfigurationIsVisible = 0;
			defaultConfigurationName = Release;
		};
		A4EBE4C51FE6180600F63CA9 /* Build configuration list for PBXNativeTarget "RecognitionDemoUITests" */ = {
			isa = XCConfigurationList;
			buildConfigurations = (
				A4EBE4C61FE6180600F63CA9 /* Debug */,
				A4EBE4C71FE6180600F63CA9 /* Release */,
			);
			defaultConfigurationIsVisible = 0;
			defaultConfigurationName = Release;
		};
/* End XCConfigurationList section */
	};
	rootObject = A4EBE48F1FE6180600F63CA9 /* Project object */;
}
