// !$*UTF8*$!
{
	archiveVersion = 1;
	classes = {
	};
	objectVersion = 48;
	objects = {

/* Begin PBXBuildFile section */
		A40DE5891FD38179005BA46F /* AppDelegate.swift in Sources */ = {isa = PBXBuildFile; fileRef = A40DE5881FD38179005BA46F /* AppDelegate.swift */; };
		A40DE58B1FD38179005BA46F /* ViewController.swift in Sources */ = {isa = PBXBuildFile; fileRef = A40DE58A1FD38179005BA46F /* ViewController.swift */; };
		A40DE58E1FD38179005BA46F /* Main.storyboard in Resources */ = {isa = PBXBuildFile; fileRef = A40DE58C1FD38179005BA46F /* Main.storyboard */; };
		A40DE5901FD38179005BA46F /* Assets.xcassets in Resources */ = {isa = PBXBuildFile; fileRef = A40DE58F1FD38179005BA46F /* Assets.xcassets */; };
		A40DE5931FD38179005BA46F /* LaunchScreen.storyboard in Resources */ = {isa = PBXBuildFile; fileRef = A40DE5911FD38179005BA46F /* LaunchScreen.storyboard */; };
		A40DE59E1FD38179005BA46F /* AsyncLoadImageTests.swift in Sources */ = {isa = PBXBuildFile; fileRef = A40DE59D1FD38179005BA46F /* AsyncLoadImageTests.swift */; };
		A40DE5A91FD38179005BA46F /* AsyncLoadImageUITests.swift in Sources */ = {isa = PBXBuildFile; fileRef = A40DE5A81FD38179005BA46F /* AsyncLoadImageUITests.swift */; };
		A40DE5B71FD3823F005BA46F /* CollectionViewController.swift in Sources */ = {isa = PBXBuildFile; fileRef = A40DE5B61FD3823F005BA46F /* CollectionViewController.swift */; };
		A40DE5BD1FD3938F005BA46F /* CollectionViewCell.swift in Sources */ = {isa = PBXBuildFile; fileRef = A40DE5BC1FD3938F005BA46F /* CollectionViewCell.swift */; };
/* End PBXBuildFile section */

/* Begin PBXContainerItemProxy section */
		A40DE59A1FD38179005BA46F /* PBXContainerItemProxy */ = {
			isa = PBXContainerItemProxy;
			containerPortal = A40DE57D1FD38179005BA46F /* Project object */;
			proxyType = 1;
			remoteGlobalIDString = A40DE5841FD38179005BA46F;
			remoteInfo = AsyncLoadImage;
		};
		A40DE5A51FD38179005BA46F /* PBXContainerItemProxy */ = {
			isa = PBXContainerItemProxy;
			containerPortal = A40DE57D1FD38179005BA46F /* Project object */;
			proxyType = 1;
			remoteGlobalIDString = A40DE5841FD38179005BA46F;
			remoteInfo = AsyncLoadImage;
		};
/* End PBXContainerItemProxy section */

/* Begin PBXFileReference section */
		A40DE5851FD38179005BA46F /* AsyncLoadImage.app */ = {isa = PBXFileReference; explicitFileType = wrapper.application; includeInIndex = 0; path = AsyncLoadImage.app; sourceTree = BUILT_PRODUCTS_DIR; };
		A40DE5881FD38179005BA46F /* AppDelegate.swift */ = {isa = PBXFileReference; lastKnownFileType = sourcecode.swift; path = AppDelegate.swift; sourceTree = "<group>"; };
		A40DE58A1FD38179005BA46F /* ViewController.swift */ = {isa = PBXFileReference; lastKnownFileType = sourcecode.swift; path = ViewController.swift; sourceTree = "<group>"; };
		A40DE58D1FD38179005BA46F /* Base */ = {isa = PBXFileReference; lastKnownFileType = file.storyboard; name = Base; path = Base.lproj/Main.storyboard; sourceTree = "<group>"; };
		A40DE58F1FD38179005BA46F /* Assets.xcassets */ = {isa = PBXFileReference; lastKnownFileType = folder.assetcatalog; path = Assets.xcassets; sourceTree = "<group>"; };
		A40DE5921FD38179005BA46F /* Base */ = {isa = PBXFileReference; lastKnownFileType = file.storyboard; name = Base; path = Base.lproj/LaunchScreen.storyboard; sourceTree = "<group>"; };
		A40DE5941FD38179005BA46F /* Info.plist */ = {isa = PBXFileReference; lastKnownFileType = text.plist.xml; path = Info.plist; sourceTree = "<group>"; };
		A40DE5991FD38179005BA46F /* AsyncLoadImageTests.xctest */ = {isa = PBXFileReference; explicitFileType = wrapper.cfbundle; includeInIndex = 0; path = AsyncLoadImageTests.xctest; sourceTree = BUILT_PRODUCTS_DIR; };
		A40DE59D1FD38179005BA46F /* AsyncLoadImageTests.swift */ = {isa = PBXFileReference; lastKnownFileType = sourcecode.swift; path = AsyncLoadImageTests.swift; sourceTree = "<group>"; };
		A40DE59F1FD38179005BA46F /* Info.plist */ = {isa = PBXFileReference; lastKnownFileType = text.plist.xml; path = Info.plist; sourceTree = "<group>"; };
		A40DE5A41FD38179005BA46F /* AsyncLoadImageUITests.xctest */ = {isa = PBXFileReference; explicitFileType = wrapper.cfbundle; includeInIndex = 0; path = AsyncLoadImageUITests.xctest; sourceTree = BUILT_PRODUCTS_DIR; };
		A40DE5A81FD38179005BA46F /* AsyncLoadImageUITests.swift */ = {isa = PBXFileReference; lastKnownFileType = sourcecode.swift; path = AsyncLoadImageUITests.swift; sourceTree = "<group>"; };
		A40DE5AA1FD38179005BA46F /* Info.plist */ = {isa = PBXFileReference; lastKnownFileType = text.plist.xml; path = Info.plist; sourceTree = "<group>"; };
		A40DE5B61FD3823F005BA46F /* CollectionViewController.swift */ = {isa = PBXFileReference; lastKnownFileType = sourcecode.swift; path = CollectionViewController.swift; sourceTree = "<group>"; };
		A40DE5BC1FD3938F005BA46F /* CollectionViewCell.swift */ = {isa = PBXFileReference; fileEncoding = 4; lastKnownFileType = sourcecode.swift; path = CollectionViewCell.swift; sourceTree = "<group>"; };
/* End PBXFileReference section */

/* Begin PBXFrameworksBuildPhase section */
		A40DE5821FD38179005BA46F /* Frameworks */ = {
			isa = PBXFrameworksBuildPhase;
			buildActionMask = 2147483647;
			files = (
			);
			runOnlyForDeploymentPostprocessing = 0;
		};
		A40DE5961FD38179005BA46F /* Frameworks */ = {
			isa = PBXFrameworksBuildPhase;
			buildActionMask = 2147483647;
			files = (
			);
			runOnlyForDeploymentPostprocessing = 0;
		};
		A40DE5A11FD38179005BA46F /* Frameworks */ = {
			isa = PBXFrameworksBuildPhase;
			buildActionMask = 2147483647;
			files = (
			);
			runOnlyForDeploymentPostprocessing = 0;
		};
/* End PBXFrameworksBuildPhase section */

/* Begin PBXGroup section */
		A40DE57C1FD38179005BA46F = {
			isa = PBXGroup;
			children = (
				A40DE5871FD38179005BA46F /* AsyncLoadImage */,
				A40DE59C1FD38179005BA46F /* AsyncLoadImageTests */,
				A40DE5A71FD38179005BA46F /* AsyncLoadImageUITests */,
				A40DE5861FD38179005BA46F /* Products */,
			);
			sourceTree = "<group>";
		};
		A40DE5861FD38179005BA46F /* Products */ = {
			isa = PBXGroup;
			children = (
				A40DE5851FD38179005BA46F /* AsyncLoadImage.app */,
				A40DE5991FD38179005BA46F /* AsyncLoadImageTests.xctest */,
				A40DE5A41FD38179005BA46F /* AsyncLoadImageUITests.xctest */,
			);
			name = Products;
			sourceTree = "<group>";
		};
		A40DE5871FD38179005BA46F /* AsyncLoadImage */ = {
			isa = PBXGroup;
			children = (
				A40DE5881FD38179005BA46F /* AppDelegate.swift */,
				A40DE58A1FD38179005BA46F /* ViewController.swift */,
				A40DE5BC1FD3938F005BA46F /* CollectionViewCell.swift */,
				A40DE5B61FD3823F005BA46F /* CollectionViewController.swift */,
				A40DE58C1FD38179005BA46F /* Main.storyboard */,
				A40DE58F1FD38179005BA46F /* Assets.xcassets */,
				A40DE5911FD38179005BA46F /* LaunchScreen.storyboard */,
				A40DE5941FD38179005BA46F /* Info.plist */,
			);
			path = AsyncLoadImage;
			sourceTree = "<group>";
		};
		A40DE59C1FD38179005BA46F /* AsyncLoadImageTests */ = {
			isa = PBXGroup;
			children = (
				A40DE59D1FD38179005BA46F /* AsyncLoadImageTests.swift */,
				A40DE59F1FD38179005BA46F /* Info.plist */,
			);
			path = AsyncLoadImageTests;
			sourceTree = "<group>";
		};
		A40DE5A71FD38179005BA46F /* AsyncLoadImageUITests */ = {
			isa = PBXGroup;
			children = (
				A40DE5A81FD38179005BA46F /* AsyncLoadImageUITests.swift */,
				A40DE5AA1FD38179005BA46F /* Info.plist */,
			);
			path = AsyncLoadImageUITests;
			sourceTree = "<group>";
		};
/* End PBXGroup section */

/* Begin PBXNativeTarget section */
		A40DE5841FD38179005BA46F /* AsyncLoadImage */ = {
			isa = PBXNativeTarget;
			buildConfigurationList = A40DE5AD1FD38179005BA46F /* Build configuration list for PBXNativeTarget "AsyncLoadImage" */;
			buildPhases = (
				A40DE5811FD38179005BA46F /* Sources */,
				A40DE5821FD38179005BA46F /* Frameworks */,
				A40DE5831FD38179005BA46F /* Resources */,
			);
			buildRules = (
			);
			dependencies = (
			);
			name = AsyncLoadImage;
			productName = AsyncLoadImage;
			productReference = A40DE5851FD38179005BA46F /* AsyncLoadImage.app */;
			productType = "com.apple.product-type.application";
		};
		A40DE5981FD38179005BA46F /* AsyncLoadImageTests */ = {
			isa = PBXNativeTarget;
			buildConfigurationList = A40DE5B01FD38179005BA46F /* Build configuration list for PBXNativeTarget "AsyncLoadImageTests" */;
			buildPhases = (
				A40DE5951FD38179005BA46F /* Sources */,
				A40DE5961FD38179005BA46F /* Frameworks */,
				A40DE5971FD38179005BA46F /* Resources */,
			);
			buildRules = (
			);
			dependencies = (
				A40DE59B1FD38179005BA46F /* PBXTargetDependency */,
			);
			name = AsyncLoadImageTests;
			productName = AsyncLoadImageTests;
			productReference = A40DE5991FD38179005BA46F /* AsyncLoadImageTests.xctest */;
			productType = "com.apple.product-type.bundle.unit-test";
		};
		A40DE5A31FD38179005BA46F /* AsyncLoadImageUITests */ = {
			isa = PBXNativeTarget;
			buildConfigurationList = A40DE5B31FD38179005BA46F /* Build configuration list for PBXNativeTarget "AsyncLoadImageUITests" */;
			buildPhases = (
				A40DE5A01FD38179005BA46F /* Sources */,
				A40DE5A11FD38179005BA46F /* Frameworks */,
				A40DE5A21FD38179005BA46F /* Resources */,
			);
			buildRules = (
			);
			dependencies = (
				A40DE5A61FD38179005BA46F /* PBXTargetDependency */,
			);
			name = AsyncLoadImageUITests;
			productName = AsyncLoadImageUITests;
			productReference = A40DE5A41FD38179005BA46F /* AsyncLoadImageUITests.xctest */;
			productType = "com.apple.product-type.bundle.ui-testing";
		};
/* End PBXNativeTarget section */

/* Begin PBXProject section */
		A40DE57D1FD38179005BA46F /* Project object */ = {
			isa = PBXProject;
			attributes = {
				LastSwiftUpdateCheck = 0910;
				LastUpgradeCheck = 0910;
				ORGANIZATIONNAME = "刘勇刚";
				TargetAttributes = {
					A40DE5841FD38179005BA46F = {
						CreatedOnToolsVersion = 9.1;
						ProvisioningStyle = Automatic;
					};
					A40DE5981FD38179005BA46F = {
						CreatedOnToolsVersion = 9.1;
						ProvisioningStyle = Automatic;
						TestTargetID = A40DE5841FD38179005BA46F;
					};
					A40DE5A31FD38179005BA46F = {
						CreatedOnToolsVersion = 9.1;
						ProvisioningStyle = Automatic;
						TestTargetID = A40DE5841FD38179005BA46F;
					};
				};
			};
			buildConfigurationList = A40DE5801FD38179005BA46F /* Build configuration list for PBXProject "AsyncLoadImage" */;
			compatibilityVersion = "Xcode 8.0";
			developmentRegion = en;
			hasScannedForEncodings = 0;
			knownRegions = (
				en,
				Base,
			);
			mainGroup = A40DE57C1FD38179005BA46F;
			productRefGroup = A40DE5861FD38179005BA46F /* Products */;
			projectDirPath = "";
			projectRoot = "";
			targets = (
				A40DE5841FD38179005BA46F /* AsyncLoadImage */,
				A40DE5981FD38179005BA46F /* AsyncLoadImageTests */,
				A40DE5A31FD38179005BA46F /* AsyncLoadImageUITests */,
			);
		};
/* End PBXProject section */

/* Begin PBXResourcesBuildPhase section */
		A40DE5831FD38179005BA46F /* Resources */ = {
			isa = PBXResourcesBuildPhase;
			buildActionMask = 2147483647;
			files = (
				A40DE5931FD38179005BA46F /* LaunchScreen.storyboard in Resources */,
				A40DE5901FD38179005BA46F /* Assets.xcassets in Resources */,
				A40DE58E1FD38179005BA46F /* Main.storyboard in Resources */,
			);
			runOnlyForDeploymentPostprocessing = 0;
		};
		A40DE5971FD38179005BA46F /* Resources */ = {
			isa = PBXResourcesBuildPhase;
			buildActionMask = 2147483647;
			files = (
			);
			runOnlyForDeploymentPostprocessing = 0;
		};
		A40DE5A21FD38179005BA46F /* Resources */ = {
			isa = PBXResourcesBuildPhase;
			buildActionMask = 2147483647;
			files = (
			);
			runOnlyForDeploymentPostprocessing = 0;
		};
/* End PBXResourcesBuildPhase section */

/* Begin PBXSourcesBuildPhase section */
		A40DE5811FD38179005BA46F /* Sources */ = {
			isa = PBXSourcesBuildPhase;
			buildActionMask = 2147483647;
			files = (
				A40DE5B71FD3823F005BA46F /* CollectionViewController.swift in Sources */,
				A40DE58B1FD38179005BA46F /* ViewController.swift in Sources */,
				A40DE5BD1FD3938F005BA46F /* CollectionViewCell.swift in Sources */,
				A40DE5891FD38179005BA46F /* AppDelegate.swift in Sources */,
			);
			runOnlyForDeploymentPostprocessing = 0;
		};
		A40DE5951FD38179005BA46F /* Sources */ = {
			isa = PBXSourcesBuildPhase;
			buildActionMask = 2147483647;
			files = (
				A40DE59E1FD38179005BA46F /* AsyncLoadImageTests.swift in Sources */,
			);
			runOnlyForDeploymentPostprocessing = 0;
		};
		A40DE5A01FD38179005BA46F /* Sources */ = {
			isa = PBXSourcesBuildPhase;
			buildActionMask = 2147483647;
			files = (
				A40DE5A91FD38179005BA46F /* AsyncLoadImageUITests.swift in Sources */,
			);
			runOnlyForDeploymentPostprocessing = 0;
		};
/* End PBXSourcesBuildPhase section */

/* Begin PBXTargetDependency section */
		A40DE59B1FD38179005BA46F /* PBXTargetDependency */ = {
			isa = PBXTargetDependency;
			target = A40DE5841FD38179005BA46F /* AsyncLoadImage */;
			targetProxy = A40DE59A1FD38179005BA46F /* PBXContainerItemProxy */;
		};
		A40DE5A61FD38179005BA46F /* PBXTargetDependency */ = {
			isa = PBXTargetDependency;
			target = A40DE5841FD38179005BA46F /* AsyncLoadImage */;
			targetProxy = A40DE5A51FD38179005BA46F /* PBXContainerItemProxy */;
		};
/* End PBXTargetDependency section */

/* Begin PBXVariantGroup section */
		A40DE58C1FD38179005BA46F /* Main.storyboard */ = {
			isa = PBXVariantGroup;
			children = (
				A40DE58D1FD38179005BA46F /* Base */,
			);
			name = Main.storyboard;
			sourceTree = "<group>";
		};
		A40DE5911FD38179005BA46F /* LaunchScreen.storyboard */ = {
			isa = PBXVariantGroup;
			children = (
				A40DE5921FD38179005BA46F /* Base */,
			);
			name = LaunchScreen.storyboard;
			sourceTree = "<group>";
		};
/* End PBXVariantGroup section */

/* Begin XCBuildConfiguration section */
		A40DE5AB1FD38179005BA46F /* Debug */ = {
			isa = XCBuildConfiguration;
			buildSettings = {
				ALWAYS_SEARCH_USER_PATHS = NO;
				CLANG_ANALYZER_NONNULL = YES;
				CLANG_ANALYZER_NUMBER_OBJECT_CONVERSION = YES_AGGRESSIVE;
				CLANG_CXX_LANGUAGE_STANDARD = "gnu++14";
				CLANG_CXX_LIBRARY = "libc++";
				CLANG_ENABLE_MODULES = YES;
				CLANG_ENABLE_OBJC_ARC = YES;
				CLANG_WARN_BLOCK_CAPTURE_AUTORELEASING = YES;
				CLANG_WARN_BOOL_CONVERSION = YES;
				CLANG_WARN_COMMA = YES;
				CLANG_WARN_CONSTANT_CONVERSION = YES;
				CLANG_WARN_DIRECT_OBJC_ISA_USAGE = YES_ERROR;
				CLANG_WARN_DOCUMENTATION_COMMENTS = YES;
				CLANG_WARN_EMPTY_BODY = YES;
				CLANG_WARN_ENUM_CONVERSION = YES;
				CLANG_WARN_INFINITE_RECURSION = YES;
				CLANG_WARN_INT_CONVERSION = YES;
				CLANG_WARN_NON_LITERAL_NULL_CONVERSION = YES;
				CLANG_WARN_OBJC_LITERAL_CONVERSION = YES;
				CLANG_WARN_OBJC_ROOT_CLASS = YES_ERROR;
				CLANG_WARN_RANGE_LOOP_ANALYSIS = YES;
				CLANG_WARN_STRICT_PROTOTYPES = YES;
				CLANG_WARN_SUSPICIOUS_MOVE = YES;
				CLANG_WARN_UNGUARDED_AVAILABILITY = YES_AGGRESSIVE;
				CLANG_WARN_UNREACHABLE_CODE = YES;
				CLANG_WARN__DUPLICATE_METHOD_MATCH = YES;
				CODE_SIGN_IDENTITY = "iPhone Developer";
				COPY_PHASE_STRIP = NO;
				DEBUG_INFORMATION_FORMAT = dwarf;
				ENABLE_STRICT_OBJC_MSGSEND = YES;
				ENABLE_TESTABILITY = YES;
				GCC_C_LANGUAGE_STANDARD = gnu11;
				GCC_DYNAMIC_NO_PIC = NO;
				GCC_NO_COMMON_BLOCKS = YES;
				GCC_OPTIMIZATION_LEVEL = 0;
				GCC_PREPROCESSOR_DEFINITIONS = (
					"DEBUG=1",
					"$(inherited)",
				);
				GCC_WARN_64_TO_32_BIT_CONVERSION = YES;
				GCC_WARN_ABOUT_RETURN_TYPE = YES_ERROR;
				GCC_WARN_UNDECLARED_SELECTOR = YES;
				GCC_WARN_UNINITIALIZED_AUTOS = YES_AGGRESSIVE;
				GCC_WARN_UNUSED_FUNCTION = YES;
				GCC_WARN_UNUSED_VARIABLE = YES;
				IPHONEOS_DEPLOYMENT_TARGET = 11.1;
				MTL_ENABLE_DEBUG_INFO = YES;
				ONLY_ACTIVE_ARCH = YES;
				SDKROOT = iphoneos;
				SWIFT_ACTIVE_COMPILATION_CONDITIONS = DEBUG;
				SWIFT_OPTIMIZATION_LEVEL = "-Onone";
			};
			name = Debug;
		};
		A40DE5AC1FD38179005BA46F /* Release */ = {
			isa = XCBuildConfiguration;
			buildSettings = {
				ALWAYS_SEARCH_USER_PATHS = NO;
				CLANG_ANALYZER_NONNULL = YES;
				CLANG_ANALYZER_NUMBER_OBJECT_CONVERSION = YES_AGGRESSIVE;
				CLANG_CXX_LANGUAGE_STANDARD = "gnu++14";
				CLANG_CXX_LIBRARY = "libc++";
				CLANG_ENABLE_MODULES = YES;
				CLANG_ENABLE_OBJC_ARC = YES;
				CLANG_WARN_BLOCK_CAPTURE_AUTORELEASING = YES;
				CLANG_WARN_BOOL_CONVERSION = YES;
				CLANG_WARN_COMMA = YES;
				CLANG_WARN_CONSTANT_CONVERSION = YES;
				CLANG_WARN_DIRECT_OBJC_ISA_USAGE = YES_ERROR;
				CLANG_WARN_DOCUMENTATION_COMMENTS = YES;
				CLANG_WARN_EMPTY_BODY = YES;
				CLANG_WARN_ENUM_CONVERSION = YES;
				CLANG_WARN_INFINITE_RECURSION = YES;
				CLANG_WARN_INT_CONVERSION = YES;
				CLANG_WARN_NON_LITERAL_NULL_CONVERSION = YES;
				CLANG_WARN_OBJC_LITERAL_CONVERSION = YES;
				CLANG_WARN_OBJC_ROOT_CLASS = YES_ERROR;
				CLANG_WARN_RANGE_LOOP_ANALYSIS = YES;
				CLANG_WARN_STRICT_PROTOTYPES = YES;
				CLANG_WARN_SUSPICIOUS_MOVE = YES;
				CLANG_WARN_UNGUARDED_AVAILABILITY = YES_AGGRESSIVE;
				CLANG_WARN_UNREACHABLE_CODE = YES;
				CLANG_WARN__DUPLICATE_METHOD_MATCH = YES;
				CODE_SIGN_IDENTITY = "iPhone Developer";
				COPY_PHASE_STRIP = NO;
				DEBUG_INFORMATION_FORMAT = "dwarf-with-dsym";
				ENABLE_NS_ASSERTIONS = NO;
				ENABLE_STRICT_OBJC_MSGSEND = YES;
				GCC_C_LANGUAGE_STANDARD = gnu11;
				GCC_NO_COMMON_BLOCKS = YES;
				GCC_WARN_64_TO_32_BIT_CONVERSION = YES;
				GCC_WARN_ABOUT_RETURN_TYPE = YES_ERROR;
				GCC_WARN_UNDECLARED_SELECTOR = YES;
				GCC_WARN_UNINITIALIZED_AUTOS = YES_AGGRESSIVE;
				GCC_WARN_UNUSED_FUNCTION = YES;
				GCC_WARN_UNUSED_VARIABLE = YES;
				IPHONEOS_DEPLOYMENT_TARGET = 11.1;
				MTL_ENABLE_DEBUG_INFO = NO;
				SDKROOT = iphoneos;
				SWIFT_OPTIMIZATION_LEVEL = "-Owholemodule";
				VALIDATE_PRODUCT = YES;
			};
			name = Release;
		};
		A40DE5AE1FD38179005BA46F /* Debug */ = {
			isa = XCBuildConfiguration;
			buildSettings = {
				ASSETCATALOG_COMPILER_APPICON_NAME = AppIcon;
				CODE_SIGN_STYLE = Automatic;
				DEVELOPMENT_TEAM = BYB9SEVHDA;
				INFOPLIST_FILE = AsyncLoadImage/Info.plist;
				IPHONEOS_DEPLOYMENT_TARGET = 10.0;
				LD_RUNPATH_SEARCH_PATHS = "$(inherited) @executable_path/Frameworks";
				PRODUCT_BUNDLE_IDENTIFIER = com.recherj.AsyncLoadImage;
				PRODUCT_NAME = "$(TARGET_NAME)";
				SWIFT_VERSION = 4.0;
				TARGETED_DEVICE_FAMILY = "1,2";
			};
			name = Debug;
		};
		A40DE5AF1FD38179005BA46F /* Release */ = {
			isa = XCBuildConfiguration;
			buildSettings = {
				ASSETCATALOG_COMPILER_APPICON_NAME = AppIcon;
				CODE_SIGN_STYLE = Automatic;
				DEVELOPMENT_TEAM = BYB9SEVHDA;
				INFOPLIST_FILE = AsyncLoadImage/Info.plist;
				IPHONEOS_DEPLOYMENT_TARGET = 10.0;
				LD_RUNPATH_SEARCH_PATHS = "$(inherited) @executable_path/Frameworks";
				PRODUCT_BUNDLE_IDENTIFIER = com.recherj.AsyncLoadImage;
				PRODUCT_NAME = "$(TARGET_NAME)";
				SWIFT_VERSION = 4.0;
				TARGETED_DEVICE_FAMILY = "1,2";
			};
			name = Release;
		};
		A40DE5B11FD38179005BA46F /* Debug */ = {
			isa = XCBuildConfiguration;
			buildSettings = {
				ALWAYS_EMBED_SWIFT_STANDARD_LIBRARIES = YES;
				BUNDLE_LOADER = "$(TEST_HOST)";
				CODE_SIGN_STYLE = Automatic;
				DEVELOPMENT_TEAM = BYB9SEVHDA;
				INFOPLIST_FILE = AsyncLoadImageTests/Info.plist;
				LD_RUNPATH_SEARCH_PATHS = "$(inherited) @executable_path/Frameworks @loader_path/Frameworks";
				PRODUCT_BUNDLE_IDENTIFIER = com.recherj.AsyncLoadImageTests;
				PRODUCT_NAME = "$(TARGET_NAME)";
				SWIFT_VERSION = 4.0;
				TARGETED_DEVICE_FAMILY = "1,2";
				TEST_HOST = "$(BUILT_PRODUCTS_DIR)/AsyncLoadImage.app/AsyncLoadImage";
			};
			name = Debug;
		};
		A40DE5B21FD38179005BA46F /* Release */ = {
			isa = XCBuildConfiguration;
			buildSettings = {
				ALWAYS_EMBED_SWIFT_STANDARD_LIBRARIES = YES;
				BUNDLE_LOADER = "$(TEST_HOST)";
				CODE_SIGN_STYLE = Automatic;
				DEVELOPMENT_TEAM = BYB9SEVHDA;
				INFOPLIST_FILE = AsyncLoadImageTests/Info.plist;
				LD_RUNPATH_SEARCH_PATHS = "$(inherited) @executable_path/Frameworks @loader_path/Frameworks";
				PRODUCT_BUNDLE_IDENTIFIER = com.recherj.AsyncLoadImageTests;
				PRODUCT_NAME = "$(TARGET_NAME)";
				SWIFT_VERSION = 4.0;
				TARGETED_DEVICE_FAMILY = "1,2";
				TEST_HOST = "$(BUILT_PRODUCTS_DIR)/AsyncLoadImage.app/AsyncLoadImage";
			};
			name = Release;
		};
		A40DE5B41FD38179005BA46F /* Debug */ = {
			isa = XCBuildConfiguration;
			buildSettings = {
				ALWAYS_EMBED_SWIFT_STANDARD_LIBRARIES = YES;
				CODE_SIGN_STYLE = Automatic;
				DEVELOPMENT_TEAM = BYB9SEVHDA;
				INFOPLIST_FILE = AsyncLoadImageUITests/Info.plist;
				LD_RUNPATH_SEARCH_PATHS = "$(inherited) @executable_path/Frameworks @loader_path/Frameworks";
				PRODUCT_BUNDLE_IDENTIFIER = com.recherj.AsyncLoadImageUITests;
				PRODUCT_NAME = "$(TARGET_NAME)";
				SWIFT_VERSION = 4.0;
				TARGETED_DEVICE_FAMILY = "1,2";
				TEST_TARGET_NAME = AsyncLoadImage;
			};
			name = Debug;
		};
		A40DE5B51FD38179005BA46F /* Release */ = {
			isa = XCBuildConfiguration;
			buildSettings = {
				ALWAYS_EMBED_SWIFT_STANDARD_LIBRARIES = YES;
				CODE_SIGN_STYLE = Automatic;
				DEVELOPMENT_TEAM = BYB9SEVHDA;
				INFOPLIST_FILE = AsyncLoadImageUITests/Info.plist;
				LD_RUNPATH_SEARCH_PATHS = "$(inherited) @executable_path/Frameworks @loader_path/Frameworks";
				PRODUCT_BUNDLE_IDENTIFIER = com.recherj.AsyncLoadImageUITests;
				PRODUCT_NAME = "$(TARGET_NAME)";
				SWIFT_VERSION = 4.0;
				TARGETED_DEVICE_FAMILY = "1,2";
				TEST_TARGET_NAME = AsyncLoadImage;
			};
			name = Release;
		};
/* End XCBuildConfiguration section */

/* Begin XCConfigurationList section */
		A40DE5801FD38179005BA46F /* Build configuration list for PBXProject "AsyncLoadImage" */ = {
			isa = XCConfigurationList;
			buildConfigurations = (
				A40DE5AB1FD38179005BA46F /* Debug */,
				A40DE5AC1FD38179005BA46F /* Release */,
			);
			defaultConfigurationIsVisible = 0;
			defaultConfigurationName = Release;
		};
		A40DE5AD1FD38179005BA46F /* Build configuration list for PBXNativeTarget "AsyncLoadImage" */ = {
			isa = XCConfigurationList;
			buildConfigurations = (
				A40DE5AE1FD38179005BA46F /* Debug */,
				A40DE5AF1FD38179005BA46F /* Release */,
			);
			defaultConfigurationIsVisible = 0;
			defaultConfigurationName = Release;
		};
		A40DE5B01FD38179005BA46F /* Build configuration list for PBXNativeTarget "AsyncLoadImageTests" */ = {
			isa = XCConfigurationList;
			buildConfigurations = (
				A40DE5B11FD38179005BA46F /* Debug */,
				A40DE5B21FD38179005BA46F /* Release */,
			);
			defaultConfigurationIsVisible = 0;
			defaultConfigurationName = Release;
		};
		A40DE5B31FD38179005BA46F /* Build configuration list for PBXNativeTarget "AsyncLoadImageUITests" */ = {
			isa = XCConfigurationList;
			buildConfigurations = (
				A40DE5B41FD38179005BA46F /* Debug */,
				A40DE5B51FD38179005BA46F /* Release */,
			);
			defaultConfigurationIsVisible = 0;
			defaultConfigurationName = Release;
		};
/* End XCConfigurationList section */
	};
	rootObject = A40DE57D1FD38179005BA46F /* Project object */;
}
