// !$*UTF8*$!
{
	archiveVersion = 1;
	classes = {
	};
	objectVersion = 48;
	objects = {

/* Begin PBXBuildFile section */
		A4D16E431FDD44500040C169 /* AppDelegate.swift in Sources */ = {isa = PBXBuildFile; fileRef = A4D16E421FDD44500040C169 /* AppDelegate.swift */; };
		A4D16E451FDD44500040C169 /* ViewController.swift in Sources */ = {isa = PBXBuildFile; fileRef = A4D16E441FDD44500040C169 /* ViewController.swift */; };
		A4D16E481FDD44500040C169 /* Main.storyboard in Resources */ = {isa = PBXBuildFile; fileRef = A4D16E461FDD44500040C169 /* Main.storyboard */; };
		A4D16E4A1FDD44500040C169 /* Assets.xcassets in Resources */ = {isa = PBXBuildFile; fileRef = A4D16E491FDD44500040C169 /* Assets.xcassets */; };
		A4D16E4D1FDD44500040C169 /* LaunchScreen.storyboard in Resources */ = {isa = PBXBuildFile; fileRef = A4D16E4B1FDD44500040C169 /* LaunchScreen.storyboard */; };
		A4D16E581FDD44500040C169 /* MoonTests.swift in Sources */ = {isa = PBXBuildFile; fileRef = A4D16E571FDD44500040C169 /* MoonTests.swift */; };
		A4D16E631FDD44500040C169 /* MoonUITests.swift in Sources */ = {isa = PBXBuildFile; fileRef = A4D16E621FDD44500040C169 /* MoonUITests.swift */; };
		A4D16E711FDD45940040C169 /* moon.jpg in Resources */ = {isa = PBXBuildFile; fileRef = A4D16E701FDD45940040C169 /* moon.jpg */; };
/* End PBXBuildFile section */

/* Begin PBXContainerItemProxy section */
		A4D16E541FDD44500040C169 /* PBXContainerItemProxy */ = {
			isa = PBXContainerItemProxy;
			containerPortal = A4D16E371FDD44500040C169 /* Project object */;
			proxyType = 1;
			remoteGlobalIDString = A4D16E3E1FDD44500040C169;
			remoteInfo = Moon;
		};
		A4D16E5F1FDD44500040C169 /* PBXContainerItemProxy */ = {
			isa = PBXContainerItemProxy;
			containerPortal = A4D16E371FDD44500040C169 /* Project object */;
			proxyType = 1;
			remoteGlobalIDString = A4D16E3E1FDD44500040C169;
			remoteInfo = Moon;
		};
/* End PBXContainerItemProxy section */

/* Begin PBXFileReference section */
		A4D16E3F1FDD44500040C169 /* Moon.app */ = {isa = PBXFileReference; explicitFileType = wrapper.application; includeInIndex = 0; path = Moon.app; sourceTree = BUILT_PRODUCTS_DIR; };
		A4D16E421FDD44500040C169 /* AppDelegate.swift */ = {isa = PBXFileReference; lastKnownFileType = sourcecode.swift; path = AppDelegate.swift; sourceTree = "<group>"; };
		A4D16E441FDD44500040C169 /* ViewController.swift */ = {isa = PBXFileReference; lastKnownFileType = sourcecode.swift; path = ViewController.swift; sourceTree = "<group>"; };
		A4D16E471FDD44500040C169 /* Base */ = {isa = PBXFileReference; lastKnownFileType = file.storyboard; name = Base; path = Base.lproj/Main.storyboard; sourceTree = "<group>"; };
		A4D16E491FDD44500040C169 /* Assets.xcassets */ = {isa = PBXFileReference; lastKnownFileType = folder.assetcatalog; path = Assets.xcassets; sourceTree = "<group>"; };
		A4D16E4C1FDD44500040C169 /* Base */ = {isa = PBXFileReference; lastKnownFileType = file.storyboard; name = Base; path = Base.lproj/LaunchScreen.storyboard; sourceTree = "<group>"; };
		A4D16E4E1FDD44500040C169 /* Info.plist */ = {isa = PBXFileReference; lastKnownFileType = text.plist.xml; path = Info.plist; sourceTree = "<group>"; };
		A4D16E531FDD44500040C169 /* MoonTests.xctest */ = {isa = PBXFileReference; explicitFileType = wrapper.cfbundle; includeInIndex = 0; path = MoonTests.xctest; sourceTree = BUILT_PRODUCTS_DIR; };
		A4D16E571FDD44500040C169 /* MoonTests.swift */ = {isa = PBXFileReference; lastKnownFileType = sourcecode.swift; path = MoonTests.swift; sourceTree = "<group>"; };
		A4D16E591FDD44500040C169 /* Info.plist */ = {isa = PBXFileReference; lastKnownFileType = text.plist.xml; path = Info.plist; sourceTree = "<group>"; };
		A4D16E5E1FDD44500040C169 /* MoonUITests.xctest */ = {isa = PBXFileReference; explicitFileType = wrapper.cfbundle; includeInIndex = 0; path = MoonUITests.xctest; sourceTree = BUILT_PRODUCTS_DIR; };
		A4D16E621FDD44500040C169 /* MoonUITests.swift */ = {isa = PBXFileReference; lastKnownFileType = sourcecode.swift; path = MoonUITests.swift; sourceTree = "<group>"; };
		A4D16E641FDD44500040C169 /* Info.plist */ = {isa = PBXFileReference; lastKnownFileType = text.plist.xml; path = Info.plist; sourceTree = "<group>"; };
		A4D16E701FDD45940040C169 /* moon.jpg */ = {isa = PBXFileReference; lastKnownFileType = image.jpeg; path = moon.jpg; sourceTree = "<group>"; };
/* End PBXFileReference section */

/* Begin PBXFrameworksBuildPhase section */
		A4D16E3C1FDD44500040C169 /* Frameworks */ = {
			isa = PBXFrameworksBuildPhase;
			buildActionMask = 2147483647;
			files = (
			);
			runOnlyForDeploymentPostprocessing = 0;
		};
		A4D16E501FDD44500040C169 /* Frameworks */ = {
			isa = PBXFrameworksBuildPhase;
			buildActionMask = 2147483647;
			files = (
			);
			runOnlyForDeploymentPostprocessing = 0;
		};
		A4D16E5B1FDD44500040C169 /* Frameworks */ = {
			isa = PBXFrameworksBuildPhase;
			buildActionMask = 2147483647;
			files = (
			);
			runOnlyForDeploymentPostprocessing = 0;
		};
/* End PBXFrameworksBuildPhase section */

/* Begin PBXGroup section */
		A4D16E361FDD44500040C169 = {
			isa = PBXGroup;
			children = (
				A4D16E411FDD44500040C169 /* Moon */,
				A4D16E561FDD44500040C169 /* MoonTests */,
				A4D16E611FDD44500040C169 /* MoonUITests */,
				A4D16E401FDD44500040C169 /* Products */,
			);
			sourceTree = "<group>";
		};
		A4D16E401FDD44500040C169 /* Products */ = {
			isa = PBXGroup;
			children = (
				A4D16E3F1FDD44500040C169 /* Moon.app */,
				A4D16E531FDD44500040C169 /* MoonTests.xctest */,
				A4D16E5E1FDD44500040C169 /* MoonUITests.xctest */,
			);
			name = Products;
			sourceTree = "<group>";
		};
		A4D16E411FDD44500040C169 /* Moon */ = {
			isa = PBXGroup;
			children = (
				A4D16E421FDD44500040C169 /* AppDelegate.swift */,
				A4D16E441FDD44500040C169 /* ViewController.swift */,
				A4D16E461FDD44500040C169 /* Main.storyboard */,
				A4D16E491FDD44500040C169 /* Assets.xcassets */,
				A4D16E4B1FDD44500040C169 /* LaunchScreen.storyboard */,
				A4D16E4E1FDD44500040C169 /* Info.plist */,
				A4D16E701FDD45940040C169 /* moon.jpg */,
			);
			path = Moon;
			sourceTree = "<group>";
		};
		A4D16E561FDD44500040C169 /* MoonTests */ = {
			isa = PBXGroup;
			children = (
				A4D16E571FDD44500040C169 /* MoonTests.swift */,
				A4D16E591FDD44500040C169 /* Info.plist */,
			);
			path = MoonTests;
			sourceTree = "<group>";
		};
		A4D16E611FDD44500040C169 /* MoonUITests */ = {
			isa = PBXGroup;
			children = (
				A4D16E621FDD44500040C169 /* MoonUITests.swift */,
				A4D16E641FDD44500040C169 /* Info.plist */,
			);
			path = MoonUITests;
			sourceTree = "<group>";
		};
/* End PBXGroup section */

/* Begin PBXNativeTarget section */
		A4D16E3E1FDD44500040C169 /* Moon */ = {
			isa = PBXNativeTarget;
			buildConfigurationList = A4D16E671FDD44500040C169 /* Build configuration list for PBXNativeTarget "Moon" */;
			buildPhases = (
				A4D16E3B1FDD44500040C169 /* Sources */,
				A4D16E3C1FDD44500040C169 /* Frameworks */,
				A4D16E3D1FDD44500040C169 /* Resources */,
			);
			buildRules = (
			);
			dependencies = (
			);
			name = Moon;
			productName = Moon;
			productReference = A4D16E3F1FDD44500040C169 /* Moon.app */;
			productType = "com.apple.product-type.application";
		};
		A4D16E521FDD44500040C169 /* MoonTests */ = {
			isa = PBXNativeTarget;
			buildConfigurationList = A4D16E6A1FDD44500040C169 /* Build configuration list for PBXNativeTarget "MoonTests" */;
			buildPhases = (
				A4D16E4F1FDD44500040C169 /* Sources */,
				A4D16E501FDD44500040C169 /* Frameworks */,
				A4D16E511FDD44500040C169 /* Resources */,
			);
			buildRules = (
			);
			dependencies = (
				A4D16E551FDD44500040C169 /* PBXTargetDependency */,
			);
			name = MoonTests;
			productName = MoonTests;
			productReference = A4D16E531FDD44500040C169 /* MoonTests.xctest */;
			productType = "com.apple.product-type.bundle.unit-test";
		};
		A4D16E5D1FDD44500040C169 /* MoonUITests */ = {
			isa = PBXNativeTarget;
			buildConfigurationList = A4D16E6D1FDD44500040C169 /* Build configuration list for PBXNativeTarget "MoonUITests" */;
			buildPhases = (
				A4D16E5A1FDD44500040C169 /* Sources */,
				A4D16E5B1FDD44500040C169 /* Frameworks */,
				A4D16E5C1FDD44500040C169 /* Resources */,
			);
			buildRules = (
			);
			dependencies = (
				A4D16E601FDD44500040C169 /* PBXTargetDependency */,
			);
			name = MoonUITests;
			productName = MoonUITests;
			productReference = A4D16E5E1FDD44500040C169 /* MoonUITests.xctest */;
			productType = "com.apple.product-type.bundle.ui-testing";
		};
/* End PBXNativeTarget section */

/* Begin PBXProject section */
		A4D16E371FDD44500040C169 /* Project object */ = {
			isa = PBXProject;
			attributes = {
				LastSwiftUpdateCheck = 0920;
				LastUpgradeCheck = 0920;
				ORGANIZATIONNAME = "刘勇刚";
				TargetAttributes = {
					A4D16E3E1FDD44500040C169 = {
						CreatedOnToolsVersion = 9.2;
						ProvisioningStyle = Automatic;
					};
					A4D16E521FDD44500040C169 = {
						CreatedOnToolsVersion = 9.2;
						ProvisioningStyle = Automatic;
						TestTargetID = A4D16E3E1FDD44500040C169;
					};
					A4D16E5D1FDD44500040C169 = {
						CreatedOnToolsVersion = 9.2;
						ProvisioningStyle = Automatic;
						TestTargetID = A4D16E3E1FDD44500040C169;
					};
				};
			};
			buildConfigurationList = A4D16E3A1FDD44500040C169 /* Build configuration list for PBXProject "Moon" */;
			compatibilityVersion = "Xcode 8.0";
			developmentRegion = en;
			hasScannedForEncodings = 0;
			knownRegions = (
				en,
				Base,
			);
			mainGroup = A4D16E361FDD44500040C169;
			productRefGroup = A4D16E401FDD44500040C169 /* Products */;
			projectDirPath = "";
			projectRoot = "";
			targets = (
				A4D16E3E1FDD44500040C169 /* Moon */,
				A4D16E521FDD44500040C169 /* MoonTests */,
				A4D16E5D1FDD44500040C169 /* MoonUITests */,
			);
		};
/* End PBXProject section */

/* Begin PBXResourcesBuildPhase section */
		A4D16E3D1FDD44500040C169 /* Resources */ = {
			isa = PBXResourcesBuildPhase;
			buildActionMask = 2147483647;
			files = (
				A4D16E711FDD45940040C169 /* moon.jpg in Resources */,
				A4D16E4D1FDD44500040C169 /* LaunchScreen.storyboard in Resources */,
				A4D16E4A1FDD44500040C169 /* Assets.xcassets in Resources */,
				A4D16E481FDD44500040C169 /* Main.storyboard in Resources */,
			);
			runOnlyForDeploymentPostprocessing = 0;
		};
		A4D16E511FDD44500040C169 /* Resources */ = {
			isa = PBXResourcesBuildPhase;
			buildActionMask = 2147483647;
			files = (
			);
			runOnlyForDeploymentPostprocessing = 0;
		};
		A4D16E5C1FDD44500040C169 /* Resources */ = {
			isa = PBXResourcesBuildPhase;
			buildActionMask = 2147483647;
			files = (
			);
			runOnlyForDeploymentPostprocessing = 0;
		};
/* End PBXResourcesBuildPhase section */

/* Begin PBXSourcesBuildPhase section */
		A4D16E3B1FDD44500040C169 /* Sources */ = {
			isa = PBXSourcesBuildPhase;
			buildActionMask = 2147483647;
			files = (
				A4D16E451FDD44500040C169 /* ViewController.swift in Sources */,
				A4D16E431FDD44500040C169 /* AppDelegate.swift in Sources */,
			);
			runOnlyForDeploymentPostprocessing = 0;
		};
		A4D16E4F1FDD44500040C169 /* Sources */ = {
			isa = PBXSourcesBuildPhase;
			buildActionMask = 2147483647;
			files = (
				A4D16E581FDD44500040C169 /* MoonTests.swift in Sources */,
			);
			runOnlyForDeploymentPostprocessing = 0;
		};
		A4D16E5A1FDD44500040C169 /* Sources */ = {
			isa = PBXSourcesBuildPhase;
			buildActionMask = 2147483647;
			files = (
				A4D16E631FDD44500040C169 /* MoonUITests.swift in Sources */,
			);
			runOnlyForDeploymentPostprocessing = 0;
		};
/* End PBXSourcesBuildPhase section */

/* Begin PBXTargetDependency section */
		A4D16E551FDD44500040C169 /* PBXTargetDependency */ = {
			isa = PBXTargetDependency;
			target = A4D16E3E1FDD44500040C169 /* Moon */;
			targetProxy = A4D16E541FDD44500040C169 /* PBXContainerItemProxy */;
		};
		A4D16E601FDD44500040C169 /* PBXTargetDependency */ = {
			isa = PBXTargetDependency;
			target = A4D16E3E1FDD44500040C169 /* Moon */;
			targetProxy = A4D16E5F1FDD44500040C169 /* PBXContainerItemProxy */;
		};
/* End PBXTargetDependency section */

/* Begin PBXVariantGroup section */
		A4D16E461FDD44500040C169 /* Main.storyboard */ = {
			isa = PBXVariantGroup;
			children = (
				A4D16E471FDD44500040C169 /* Base */,
			);
			name = Main.storyboard;
			sourceTree = "<group>";
		};
		A4D16E4B1FDD44500040C169 /* LaunchScreen.storyboard */ = {
			isa = PBXVariantGroup;
			children = (
				A4D16E4C1FDD44500040C169 /* Base */,
			);
			name = LaunchScreen.storyboard;
			sourceTree = "<group>";
		};
/* End PBXVariantGroup section */

/* Begin XCBuildConfiguration section */
		A4D16E651FDD44500040C169 /* Debug */ = {
			isa = XCBuildConfiguration;
			buildSettings = {
				ALWAYS_SEARCH_USER_PATHS = NO;
				CLANG_ANALYZER_NONNULL = YES;
				CLANG_ANALYZER_NUMBER_OBJECT_CONVERSION = YES_AGGRESSIVE;
				CLANG_CXX_LANGUAGE_STANDARD = "gnu++14";
				CLANG_CXX_LIBRARY = "libc++";
				CLANG_ENABLE_MODULES = YES;
				CLANG_ENABLE_OBJC_ARC = YES;
				CLANG_WARN_BLOCK_CAPTURE_AUTORELEASING = YES;
				CLANG_WARN_BOOL_CONVERSION = YES;
				CLANG_WARN_COMMA = YES;
				CLANG_WARN_CONSTANT_CONVERSION = YES;
				CLANG_WARN_DIRECT_OBJC_ISA_USAGE = YES_ERROR;
				CLANG_WARN_DOCUMENTATION_COMMENTS = YES;
				CLANG_WARN_EMPTY_BODY = YES;
				CLANG_WARN_ENUM_CONVERSION = YES;
				CLANG_WARN_INFINITE_RECURSION = YES;
				CLANG_WARN_INT_CONVERSION = YES;
				CLANG_WARN_NON_LITERAL_NULL_CONVERSION = YES;
				CLANG_WARN_OBJC_LITERAL_CONVERSION = YES;
				CLANG_WARN_OBJC_ROOT_CLASS = YES_ERROR;
				CLANG_WARN_RANGE_LOOP_ANALYSIS = YES;
				CLANG_WARN_STRICT_PROTOTYPES = YES;
				CLANG_WARN_SUSPICIOUS_MOVE = YES;
				CLANG_WARN_UNGUARDED_AVAILABILITY = YES_AGGRESSIVE;
				CLANG_WARN_UNREACHABLE_CODE = YES;
				CLANG_WARN__DUPLICATE_METHOD_MATCH = YES;
				CODE_SIGN_IDENTITY = "iPhone Developer";
				COPY_PHASE_STRIP = NO;
				DEBUG_INFORMATION_FORMAT = dwarf;
				ENABLE_STRICT_OBJC_MSGSEND = YES;
				ENABLE_TESTABILITY = YES;
				GCC_C_LANGUAGE_STANDARD = gnu11;
				GCC_DYNAMIC_NO_PIC = NO;
				GCC_NO_COMMON_BLOCKS = YES;
				GCC_OPTIMIZATION_LEVEL = 0;
				GCC_PREPROCESSOR_DEFINITIONS = (
					"DEBUG=1",
					"$(inherited)",
				);
				GCC_WARN_64_TO_32_BIT_CONVERSION = YES;
				GCC_WARN_ABOUT_RETURN_TYPE = YES_ERROR;
				GCC_WARN_UNDECLARED_SELECTOR = YES;
				GCC_WARN_UNINITIALIZED_AUTOS = YES_AGGRESSIVE;
				GCC_WARN_UNUSED_FUNCTION = YES;
				GCC_WARN_UNUSED_VARIABLE = YES;
				IPHONEOS_DEPLOYMENT_TARGET = 11.2;
				MTL_ENABLE_DEBUG_INFO = YES;
				ONLY_ACTIVE_ARCH = YES;
				SDKROOT = iphoneos;
				SWIFT_ACTIVE_COMPILATION_CONDITIONS = DEBUG;
				SWIFT_OPTIMIZATION_LEVEL = "-Onone";
			};
			name = Debug;
		};
		A4D16E661FDD44500040C169 /* Release */ = {
			isa = XCBuildConfiguration;
			buildSettings = {
				ALWAYS_SEARCH_USER_PATHS = NO;
				CLANG_ANALYZER_NONNULL = YES;
				CLANG_ANALYZER_NUMBER_OBJECT_CONVERSION = YES_AGGRESSIVE;
				CLANG_CXX_LANGUAGE_STANDARD = "gnu++14";
				CLANG_CXX_LIBRARY = "libc++";
				CLANG_ENABLE_MODULES = YES;
				CLANG_ENABLE_OBJC_ARC = YES;
				CLANG_WARN_BLOCK_CAPTURE_AUTORELEASING = YES;
				CLANG_WARN_BOOL_CONVERSION = YES;
				CLANG_WARN_COMMA = YES;
				CLANG_WARN_CONSTANT_CONVERSION = YES;
				CLANG_WARN_DIRECT_OBJC_ISA_USAGE = YES_ERROR;
				CLANG_WARN_DOCUMENTATION_COMMENTS = YES;
				CLANG_WARN_EMPTY_BODY = YES;
				CLANG_WARN_ENUM_CONVERSION = YES;
				CLANG_WARN_INFINITE_RECURSION = YES;
				CLANG_WARN_INT_CONVERSION = YES;
				CLANG_WARN_NON_LITERAL_NULL_CONVERSION = YES;
				CLANG_WARN_OBJC_LITERAL_CONVERSION = YES;
				CLANG_WARN_OBJC_ROOT_CLASS = YES_ERROR;
				CLANG_WARN_RANGE_LOOP_ANALYSIS = YES;
				CLANG_WARN_STRICT_PROTOTYPES = YES;
				CLANG_WARN_SUSPICIOUS_MOVE = YES;
				CLANG_WARN_UNGUARDED_AVAILABILITY = YES_AGGRESSIVE;
				CLANG_WARN_UNREACHABLE_CODE = YES;
				CLANG_WARN__DUPLICATE_METHOD_MATCH = YES;
				CODE_SIGN_IDENTITY = "iPhone Developer";
				COPY_PHASE_STRIP = NO;
				DEBUG_INFORMATION_FORMAT = "dwarf-with-dsym";
				ENABLE_NS_ASSERTIONS = NO;
				ENABLE_STRICT_OBJC_MSGSEND = YES;
				GCC_C_LANGUAGE_STANDARD = gnu11;
				GCC_NO_COMMON_BLOCKS = YES;
				GCC_WARN_64_TO_32_BIT_CONVERSION = YES;
				GCC_WARN_ABOUT_RETURN_TYPE = YES_ERROR;
				GCC_WARN_UNDECLARED_SELECTOR = YES;
				GCC_WARN_UNINITIALIZED_AUTOS = YES_AGGRESSIVE;
				GCC_WARN_UNUSED_FUNCTION = YES;
				GCC_WARN_UNUSED_VARIABLE = YES;
				IPHONEOS_DEPLOYMENT_TARGET = 11.2;
				MTL_ENABLE_DEBUG_INFO = NO;
				SDKROOT = iphoneos;
				SWIFT_OPTIMIZATION_LEVEL = "-Owholemodule";
				VALIDATE_PRODUCT = YES;
			};
			name = Release;
		};
		A4D16E681FDD44500040C169 /* Debug */ = {
			isa = XCBuildConfiguration;
			buildSettings = {
				ASSETCATALOG_COMPILER_APPICON_NAME = AppIcon;
				CODE_SIGN_STYLE = Automatic;
				DEVELOPMENT_TEAM = BYB9SEVHDA;
				INFOPLIST_FILE = Moon/Info.plist;
				LD_RUNPATH_SEARCH_PATHS = "$(inherited) @executable_path/Frameworks";
				PRODUCT_BUNDLE_IDENTIFIER = com.recherj.Moon;
				PRODUCT_NAME = "$(TARGET_NAME)";
				SWIFT_VERSION = 4.0;
				TARGETED_DEVICE_FAMILY = "1,2";
			};
			name = Debug;
		};
		A4D16E691FDD44500040C169 /* Release */ = {
			isa = XCBuildConfiguration;
			buildSettings = {
				ASSETCATALOG_COMPILER_APPICON_NAME = AppIcon;
				CODE_SIGN_STYLE = Automatic;
				DEVELOPMENT_TEAM = BYB9SEVHDA;
				INFOPLIST_FILE = Moon/Info.plist;
				LD_RUNPATH_SEARCH_PATHS = "$(inherited) @executable_path/Frameworks";
				PRODUCT_BUNDLE_IDENTIFIER = com.recherj.Moon;
				PRODUCT_NAME = "$(TARGET_NAME)";
				SWIFT_VERSION = 4.0;
				TARGETED_DEVICE_FAMILY = "1,2";
			};
			name = Release;
		};
		A4D16E6B1FDD44500040C169 /* Debug */ = {
			isa = XCBuildConfiguration;
			buildSettings = {
				ALWAYS_EMBED_SWIFT_STANDARD_LIBRARIES = YES;
				BUNDLE_LOADER = "$(TEST_HOST)";
				CODE_SIGN_STYLE = Automatic;
				DEVELOPMENT_TEAM = BYB9SEVHDA;
				INFOPLIST_FILE = MoonTests/Info.plist;
				LD_RUNPATH_SEARCH_PATHS = "$(inherited) @executable_path/Frameworks @loader_path/Frameworks";
				PRODUCT_BUNDLE_IDENTIFIER = com.recherj.MoonTests;
				PRODUCT_NAME = "$(TARGET_NAME)";
				SWIFT_VERSION = 4.0;
				TARGETED_DEVICE_FAMILY = "1,2";
				TEST_HOST = "$(BUILT_PRODUCTS_DIR)/Moon.app/Moon";
			};
			name = Debug;
		};
		A4D16E6C1FDD44500040C169 /* Release */ = {
			isa = XCBuildConfiguration;
			buildSettings = {
				ALWAYS_EMBED_SWIFT_STANDARD_LIBRARIES = YES;
				BUNDLE_LOADER = "$(TEST_HOST)";
				CODE_SIGN_STYLE = Automatic;
				DEVELOPMENT_TEAM = BYB9SEVHDA;
				INFOPLIST_FILE = MoonTests/Info.plist;
				LD_RUNPATH_SEARCH_PATHS = "$(inherited) @executable_path/Frameworks @loader_path/Frameworks";
				PRODUCT_BUNDLE_IDENTIFIER = com.recherj.MoonTests;
				PRODUCT_NAME = "$(TARGET_NAME)";
				SWIFT_VERSION = 4.0;
				TARGETED_DEVICE_FAMILY = "1,2";
				TEST_HOST = "$(BUILT_PRODUCTS_DIR)/Moon.app/Moon";
			};
			name = Release;
		};
		A4D16E6E1FDD44500040C169 /* Debug */ = {
			isa = XCBuildConfiguration;
			buildSettings = {
				ALWAYS_EMBED_SWIFT_STANDARD_LIBRARIES = YES;
				CODE_SIGN_STYLE = Automatic;
				DEVELOPMENT_TEAM = BYB9SEVHDA;
				INFOPLIST_FILE = MoonUITests/Info.plist;
				LD_RUNPATH_SEARCH_PATHS = "$(inherited) @executable_path/Frameworks @loader_path/Frameworks";
				PRODUCT_BUNDLE_IDENTIFIER = com.recherj.MoonUITests;
				PRODUCT_NAME = "$(TARGET_NAME)";
				SWIFT_VERSION = 4.0;
				TARGETED_DEVICE_FAMILY = "1,2";
				TEST_TARGET_NAME = Moon;
			};
			name = Debug;
		};
		A4D16E6F1FDD44500040C169 /* Release */ = {
			isa = XCBuildConfiguration;
			buildSettings = {
				ALWAYS_EMBED_SWIFT_STANDARD_LIBRARIES = YES;
				CODE_SIGN_STYLE = Automatic;
				DEVELOPMENT_TEAM = BYB9SEVHDA;
				INFOPLIST_FILE = MoonUITests/Info.plist;
				LD_RUNPATH_SEARCH_PATHS = "$(inherited) @executable_path/Frameworks @loader_path/Frameworks";
				PRODUCT_BUNDLE_IDENTIFIER = com.recherj.MoonUITests;
				PRODUCT_NAME = "$(TARGET_NAME)";
				SWIFT_VERSION = 4.0;
				TARGETED_DEVICE_FAMILY = "1,2";
				TEST_TARGET_NAME = Moon;
			};
			name = Release;
		};
/* End XCBuildConfiguration section */

/* Begin XCConfigurationList section */
		A4D16E3A1FDD44500040C169 /* Build configuration list for PBXProject "Moon" */ = {
			isa = XCConfigurationList;
			buildConfigurations = (
				A4D16E651FDD44500040C169 /* Debug */,
				A4D16E661FDD44500040C169 /* Release */,
			);
			defaultConfigurationIsVisible = 0;
			defaultConfigurationName = Release;
		};
		A4D16E671FDD44500040C169 /* Build configuration list for PBXNativeTarget "Moon" */ = {
			isa = XCConfigurationList;
			buildConfigurations = (
				A4D16E681FDD44500040C169 /* Debug */,
				A4D16E691FDD44500040C169 /* Release */,
			);
			defaultConfigurationIsVisible = 0;
			defaultConfigurationName = Release;
		};
		A4D16E6A1FDD44500040C169 /* Build configuration list for PBXNativeTarget "MoonTests" */ = {
			isa = XCConfigurationList;
			buildConfigurations = (
				A4D16E6B1FDD44500040C169 /* Debug */,
				A4D16E6C1FDD44500040C169 /* Release */,
			);
			defaultConfigurationIsVisible = 0;
			defaultConfigurationName = Release;
		};
		A4D16E6D1FDD44500040C169 /* Build configuration list for PBXNativeTarget "MoonUITests" */ = {
			isa = XCConfigurationList;
			buildConfigurations = (
				A4D16E6E1FDD44500040C169 /* Debug */,
				A4D16E6F1FDD44500040C169 /* Release */,
			);
			defaultConfigurationIsVisible = 0;
			defaultConfigurationName = Release;
		};
/* End XCConfigurationList section */
	};
	rootObject = A4D16E371FDD44500040C169 /* Project object */;
}
